// !$*UTF8*$!
{
	archiveVersion = 1;
	classes = {
	};
	objectVersion = 48;
	objects = {

/* Begin PBXBuildFile section */
		A85BFD202010924D002387EE /* AppDelegate.m in Sources */ = {isa = PBXBuildFile; fileRef = A85BFD1F2010924D002387EE /* AppDelegate.m */; };
		A85BFD282010924D002387EE /* Assets.xcassets in Resources */ = {isa = PBXBuildFile; fileRef = A85BFD272010924D002387EE /* Assets.xcassets */; };
		A85BFD2B2010924D002387EE /* LaunchScreen.storyboard in Resources */ = {isa = PBXBuildFile; fileRef = A85BFD292010924D002387EE /* LaunchScreen.storyboard */; };
		A85BFD2E2010924D002387EE /* main.m in Sources */ = {isa = PBXBuildFile; fileRef = A85BFD2D2010924D002387EE /* main.m */; };
		A85BFD36201093D6002387EE /* TableViewController.m in Sources */ = {isa = PBXBuildFile; fileRef = A85BFD35201093D6002387EE /* TableViewController.m */; };
		A85BFD3A20109566002387EE /* LTGroupViewController.m in Sources */ = {isa = PBXBuildFile; fileRef = A85BFD3920109566002387EE /* LTGroupViewController.m */; };
		A85BFD3C2010989B002387EE /* Main.storyboard in Resources */ = {isa = PBXBuildFile; fileRef = A85BFD3B2010989B002387EE /* Main.storyboard */; };
		A85BFD3F20109A88002387EE /* LTCollectionViewFlowLayout.m in Sources */ = {isa = PBXBuildFile; fileRef = A85BFD3E20109A88002387EE /* LTCollectionViewFlowLayout.m */; };
		A884BD602014971200732E15 /* NSDictionary+Ex.m in Sources */ = {isa = PBXBuildFile; fileRef = A884BD582014971200732E15 /* NSDictionary+Ex.m */; };
		A884BD612014971200732E15 /* NSObject+SafeString.m in Sources */ = {isa = PBXBuildFile; fileRef = A884BD5A2014971200732E15 /* NSObject+SafeString.m */; };
		A884BD622014971200732E15 /* UIColor+Hex.m in Sources */ = {isa = PBXBuildFile; fileRef = A884BD5C2014971200732E15 /* UIColor+Hex.m */; };
/* End PBXBuildFile section */

/* Begin PBXFileReference section */
		A85BFD1B2010924D002387EE /* UICollectionView.app */ = {isa = PBXFileReference; explicitFileType = wrapper.application; includeInIndex = 0; path = UICollectionView.app; sourceTree = BUILT_PRODUCTS_DIR; };
		A85BFD1E2010924D002387EE /* AppDelegate.h */ = {isa = PBXFileReference; lastKnownFileType = sourcecode.c.h; path = AppDelegate.h; sourceTree = "<group>"; };
		A85BFD1F2010924D002387EE /* AppDelegate.m */ = {isa = PBXFileReference; lastKnownFileType = sourcecode.c.objc; path = AppDelegate.m; sourceTree = "<group>"; };
		A85BFD272010924D002387EE /* Assets.xcassets */ = {isa = PBXFileReference; lastKnownFileType = folder.assetcatalog; path = Assets.xcassets; sourceTree = "<group>"; };
		A85BFD2A2010924D002387EE /* Base */ = {isa = PBXFileReference; lastKnownFileType = file.storyboard; name = Base; path = Base.lproj/LaunchScreen.storyboard; sourceTree = "<group>"; };
		A85BFD2C2010924D002387EE /* Info.plist */ = {isa = PBXFileReference; lastKnownFileType = text.plist.xml; path = Info.plist; sourceTree = "<group>"; };
		A85BFD2D2010924D002387EE /* main.m */ = {isa = PBXFileReference; lastKnownFileType = sourcecode.c.objc; path = main.m; sourceTree = "<group>"; };
		A85BFD34201093D6002387EE /* TableViewController.h */ = {isa = PBXFileReference; fileEncoding = 4; lastKnownFileType = sourcecode.c.h; path = TableViewController.h; sourceTree = "<group>"; };
		A85BFD35201093D6002387EE /* TableViewController.m */ = {isa = PBXFileReference; fileEncoding = 4; lastKnownFileType = sourcecode.c.objc; path = TableViewController.m; sourceTree = "<group>"; };
		A85BFD3820109566002387EE /* LTGroupViewController.h */ = {isa = PBXFileReference; lastKnownFileType = sourcecode.c.h; path = LTGroupViewController.h; sourceTree = "<group>"; };
		A85BFD3920109566002387EE /* LTGroupViewController.m */ = {isa = PBXFileReference; lastKnownFileType = sourcecode.c.objc; path = LTGroupViewController.m; sourceTree = "<group>"; };
		A85BFD3B2010989B002387EE /* Main.storyboard */ = {isa = PBXFileReference; fileEncoding = 4; lastKnownFileType = file.storyboard; path = Main.storyboard; sourceTree = "<group>"; };
		A85BFD3D20109A88002387EE /* LTCollectionViewFlowLayout.h */ = {isa = PBXFileReference; lastKnownFileType = sourcecode.c.h; path = LTCollectionViewFlowLayout.h; sourceTree = "<group>"; };
		A85BFD3E20109A88002387EE /* LTCollectionViewFlowLayout.m */ = {isa = PBXFileReference; lastKnownFileType = sourcecode.c.objc; path = LTCollectionViewFlowLayout.m; sourceTree = "<group>"; };
		A884BD542014971200732E15 /* lt_common_lib.h */ = {isa = PBXFileReference; fileEncoding = 4; lastKnownFileType = sourcecode.c.h; path = lt_common_lib.h; sourceTree = "<group>"; };
		A884BD562014971200732E15 /* lt_ex.h */ = {isa = PBXFileReference; fileEncoding = 4; lastKnownFileType = sourcecode.c.h; path = lt_ex.h; sourceTree = "<group>"; };
		A884BD572014971200732E15 /* NSDictionary+Ex.h */ = {isa = PBXFileReference; fileEncoding = 4; lastKnownFileType = sourcecode.c.h; path = "NSDictionary+Ex.h"; sourceTree = "<group>"; };
		A884BD582014971200732E15 /* NSDictionary+Ex.m */ = {isa = PBXFileReference; fileEncoding = 4; lastKnownFileType = sourcecode.c.objc; path = "NSDictionary+Ex.m"; sourceTree = "<group>"; };
		A884BD592014971200732E15 /* NSObject+SafeString.h */ = {isa = PBXFileReference; fileEncoding = 4; lastKnownFileType = sourcecode.c.h; path = "NSObject+SafeString.h"; sourceTree = "<group>"; };
		A884BD5A2014971200732E15 /* NSObject+SafeString.m */ = {isa = PBXFileReference; fileEncoding = 4; lastKnownFileType = sourcecode.c.objc; path = "NSObject+SafeString.m"; sourceTree = "<group>"; };
		A884BD5B2014971200732E15 /* UIColor+Hex.h */ = {isa = PBXFileReference; fileEncoding = 4; lastKnownFileType = sourcecode.c.h; path = "UIColor+Hex.h"; sourceTree = "<group>"; };
		A884BD5C2014971200732E15 /* UIColor+Hex.m */ = {isa = PBXFileReference; fileEncoding = 4; lastKnownFileType = sourcecode.c.objc; path = "UIColor+Hex.m"; sourceTree = "<group>"; };
		A884BD5E2014971200732E15 /* lt_constants.h */ = {isa = PBXFileReference; fileEncoding = 4; lastKnownFileType = sourcecode.c.h; path = lt_constants.h; sourceTree = "<group>"; };
		A884BD5F2014971200732E15 /* lt_macros.h */ = {isa = PBXFileReference; fileEncoding = 4; lastKnownFileType = sourcecode.c.h; path = lt_macros.h; sourceTree = "<group>"; };
		A884BD632014979B00732E15 /* PrefixHeader.pch */ = {isa = PBXFileReference; lastKnownFileType = sourcecode.c.h; path = PrefixHeader.pch; sourceTree = "<group>"; };
/* End PBXFileReference section */

/* Begin PBXFrameworksBuildPhase section */
		A85BFD182010924D002387EE /* Frameworks */ = {
			isa = PBXFrameworksBuildPhase;
			buildActionMask = 2147483647;
			files = (
			);
			runOnlyForDeploymentPostprocessing = 0;
		};
/* End PBXFrameworksBuildPhase section */

/* Begin PBXGroup section */
		A85BFD122010924D002387EE = {
			isa = PBXGroup;
			children = (
				A85BFD1D2010924D002387EE /* UICollectionView */,
				A85BFD1C2010924D002387EE /* Products */,
			);
			sourceTree = "<group>";
		};
		A85BFD1C2010924D002387EE /* Products */ = {
			isa = PBXGroup;
			children = (
				A85BFD1B2010924D002387EE /* UICollectionView.app */,
			);
			name = Products;
			sourceTree = "<group>";
		};
		A85BFD1D2010924D002387EE /* UICollectionView */ = {
			isa = PBXGroup;
			children = (
				A884BD532014971200732E15 /* base */,
				A85BFD3720109468002387EE /* 群聊 */,
				A85BFD34201093D6002387EE /* TableViewController.h */,
				A85BFD35201093D6002387EE /* TableViewController.m */,
				A85BFD3B2010989B002387EE /* Main.storyboard */,
				A85BFD1E2010924D002387EE /* AppDelegate.h */,
				A85BFD1F2010924D002387EE /* AppDelegate.m */,
				A85BFD272010924D002387EE /* Assets.xcassets */,
				A85BFD292010924D002387EE /* LaunchScreen.storyboard */,
				A85BFD2C2010924D002387EE /* Info.plist */,
				A85BFD2D2010924D002387EE /* main.m */,
				A884BD632014979B00732E15 /* PrefixHeader.pch */,
			);
			path = UICollectionView;
			sourceTree = "<group>";
		};
		A85BFD3720109468002387EE /* 群聊 */ = {
			isa = PBXGroup;
			children = (
				A85BFD3820109566002387EE /* LTGroupViewController.h */,
				A85BFD3920109566002387EE /* LTGroupViewController.m */,
				A85BFD3D20109A88002387EE /* LTCollectionViewFlowLayout.h */,
				A85BFD3E20109A88002387EE /* LTCollectionViewFlowLayout.m */,
			);
			path = "群聊";
			sourceTree = "<group>";
		};
		A884BD532014971200732E15 /* base */ = {
			isa = PBXGroup;
			children = (
				A884BD542014971200732E15 /* lt_common_lib.h */,
				A884BD552014971200732E15 /* lt_ex */,
				A884BD5D2014971200732E15 /* lt_macros */,
			);
			path = base;
			sourceTree = "<group>";
		};
		A884BD552014971200732E15 /* lt_ex */ = {
			isa = PBXGroup;
			children = (
				A884BD562014971200732E15 /* lt_ex.h */,
				A884BD572014971200732E15 /* NSDictionary+Ex.h */,
				A884BD582014971200732E15 /* NSDictionary+Ex.m */,
				A884BD592014971200732E15 /* NSObject+SafeString.h */,
				A884BD5A2014971200732E15 /* NSObject+SafeString.m */,
				A884BD5B2014971200732E15 /* UIColor+Hex.h */,
				A884BD5C2014971200732E15 /* UIColor+Hex.m */,
			);
			path = lt_ex;
			sourceTree = "<group>";
		};
		A884BD5D2014971200732E15 /* lt_macros */ = {
			isa = PBXGroup;
			children = (
				A884BD5E2014971200732E15 /* lt_constants.h */,
				A884BD5F2014971200732E15 /* lt_macros.h */,
			);
			path = lt_macros;
			sourceTree = "<group>";
		};
/* End PBXGroup section */

/* Begin PBXNativeTarget section */
		A85BFD1A2010924D002387EE /* UICollectionView */ = {
			isa = PBXNativeTarget;
			buildConfigurationList = A85BFD312010924D002387EE /* Build configuration list for PBXNativeTarget "UICollectionView" */;
			buildPhases = (
				A85BFD172010924D002387EE /* Sources */,
				A85BFD182010924D002387EE /* Frameworks */,
				A85BFD192010924D002387EE /* Resources */,
			);
			buildRules = (
			);
			dependencies = (
			);
			name = UICollectionView;
			productName = UICollectionView;
			productReference = A85BFD1B2010924D002387EE /* UICollectionView.app */;
			productType = "com.apple.product-type.application";
		};
/* End PBXNativeTarget section */

/* Begin PBXProject section */
		A85BFD132010924D002387EE /* Project object */ = {
			isa = PBXProject;
			attributes = {
				LastUpgradeCheck = 0920;
				ORGANIZATIONNAME = liutong;
				TargetAttributes = {
					A85BFD1A2010924D002387EE = {
						CreatedOnToolsVersion = 9.2;
						ProvisioningStyle = Automatic;
					};
				};
			};
			buildConfigurationList = A85BFD162010924D002387EE /* Build configuration list for PBXProject "UICollectionView" */;
			compatibilityVersion = "Xcode 8.0";
			developmentRegion = en;
			hasScannedForEncodings = 0;
			knownRegions = (
				en,
				Base,
			);
			mainGroup = A85BFD122010924D002387EE;
			productRefGroup = A85BFD1C2010924D002387EE /* Products */;
			projectDirPath = "";
			projectRoot = "";
			targets = (
				A85BFD1A2010924D002387EE /* UICollectionView */,
			);
		};
/* End PBXProject section */

/* Begin PBXResourcesBuildPhase section */
		A85BFD192010924D002387EE /* Resources */ = {
			isa = PBXResourcesBuildPhase;
			buildActionMask = 2147483647;
			files = (
				A85BFD3C2010989B002387EE /* Main.storyboard in Resources */,
				A85BFD2B2010924D002387EE /* LaunchScreen.storyboard in Resources */,
				A85BFD282010924D002387EE /* Assets.xcassets in Resources */,
			);
			runOnlyForDeploymentPostprocessing = 0;
		};
/* End PBXResourcesBuildPhase section */

/* Begin PBXSourcesBuildPhase section */
		A85BFD172010924D002387EE /* Sources */ = {
			isa = PBXSourcesBuildPhase;
			buildActionMask = 2147483647;
			files = (
				A884BD612014971200732E15 /* NSObject+SafeString.m in Sources */,
				A85BFD2E2010924D002387EE /* main.m in Sources */,
				A85BFD36201093D6002387EE /* TableViewController.m in Sources */,
				A85BFD3F20109A88002387EE /* LTCollectionViewFlowLayout.m in Sources */,
				A884BD602014971200732E15 /* NSDictionary+Ex.m in Sources */,
				A884BD622014971200732E15 /* UIColor+Hex.m in Sources */,
				A85BFD3A20109566002387EE /* LTGroupViewController.m in Sources */,
				A85BFD202010924D002387EE /* AppDelegate.m in Sources */,
			);
			runOnlyForDeploymentPostprocessing = 0;
		};
/* End PBXSourcesBuildPhase section */

/* Begin PBXVariantGroup section */
		A85BFD292010924D002387EE /* LaunchScreen.storyboard */ = {
			isa = PBXVariantGroup;
			children = (
				A85BFD2A2010924D002387EE /* Base */,
			);
			name = LaunchScreen.storyboard;
			sourceTree = "<group>";
		};
/* End PBXVariantGroup section */

/* Begin XCBuildConfiguration section */
		A85BFD2F2010924D002387EE /* Debug */ = {
			isa = XCBuildConfiguration;
			buildSettings = {
				ALWAYS_SEARCH_USER_PATHS = NO;
				CLANG_ANALYZER_NONNULL = YES;
				CLANG_ANALYZER_NUMBER_OBJECT_CONVERSION = YES_AGGRESSIVE;
				CLANG_CXX_LANGUAGE_STANDARD = "gnu++14";
				CLANG_CXX_LIBRARY = "libc++";
				CLANG_ENABLE_MODULES = YES;
				CLANG_ENABLE_OBJC_ARC = YES;
				CLANG_WARN_BLOCK_CAPTURE_AUTORELEASING = YES;
				CLANG_WARN_BOOL_CONVERSION = YES;
				CLANG_WARN_COMMA = YES;
				CLANG_WARN_CONSTANT_CONVERSION = YES;
				CLANG_WARN_DIRECT_OBJC_ISA_USAGE = YES_ERROR;
				CLANG_WARN_DOCUMENTATION_COMMENTS = YES;
				CLANG_WARN_EMPTY_BODY = YES;
				CLANG_WARN_ENUM_CONVERSION = YES;
				CLANG_WARN_INFINITE_RECURSION = YES;
				CLANG_WARN_INT_CONVERSION = YES;
				CLANG_WARN_NON_LITERAL_NULL_CONVERSION = YES;
				CLANG_WARN_OBJC_LITERAL_CONVERSION = YES;
				CLANG_WARN_OBJC_ROOT_CLASS = YES_ERROR;
				CLANG_WARN_RANGE_LOOP_ANALYSIS = YES;
				CLANG_WARN_STRICT_PROTOTYPES = YES;
				CLANG_WARN_SUSPICIOUS_MOVE = YES;
				CLANG_WARN_UNGUARDED_AVAILABILITY = YES_AGGRESSIVE;
				CLANG_WARN_UNREACHABLE_CODE = YES;
				CLANG_WARN__DUPLICATE_METHOD_MATCH = YES;
				CODE_SIGN_IDENTITY = "iPhone Developer";
				COPY_PHASE_STRIP = NO;
				DEBUG_INFORMATION_FORMAT = dwarf;
				ENABLE_STRICT_OBJC_MSGSEND = YES;
				ENABLE_TESTABILITY = YES;
				GCC_C_LANGUAGE_STANDARD = gnu11;
				GCC_DYNAMIC_NO_PIC = NO;
				GCC_NO_COMMON_BLOCKS = YES;
				GCC_OPTIMIZATION_LEVEL = 0;
				GCC_PREPROCESSOR_DEFINITIONS = (
					"DEBUG=1",
					"$(inherited)",
				);
				GCC_WARN_64_TO_32_BIT_CONVERSION = YES;
				GCC_WARN_ABOUT_RETURN_TYPE = YES_ERROR;
				GCC_WARN_UNDECLARED_SELECTOR = YES;
				GCC_WARN_UNINITIALIZED_AUTOS = YES_AGGRESSIVE;
				GCC_WARN_UNUSED_FUNCTION = YES;
				GCC_WARN_UNUSED_VARIABLE = YES;
				IPHONEOS_DEPLOYMENT_TARGET = 11.2;
				MTL_ENABLE_DEBUG_INFO = YES;
				ONLY_ACTIVE_ARCH = YES;
				SDKROOT = iphoneos;
			};
			name = Debug;
		};
		A85BFD302010924D002387EE /* Release */ = {
			isa = XCBuildConfiguration;
			buildSettings = {
				ALWAYS_SEARCH_USER_PATHS = NO;
				CLANG_ANALYZER_NONNULL = YES;
				CLANG_ANALYZER_NUMBER_OBJECT_CONVERSION = YES_AGGRESSIVE;
				CLANG_CXX_LANGUAGE_STANDARD = "gnu++14";
				CLANG_CXX_LIBRARY = "libc++";
				CLANG_ENABLE_MODULES = YES;
				CLANG_ENABLE_OBJC_ARC = YES;
				CLANG_WARN_BLOCK_CAPTURE_AUTORELEASING = YES;
				CLANG_WARN_BOOL_CONVERSION = YES;
				CLANG_WARN_COMMA = YES;
				CLANG_WARN_CONSTANT_CONVERSION = YES;
				CLANG_WARN_DIRECT_OBJC_ISA_USAGE = YES_ERROR;
				CLANG_WARN_DOCUMENTATION_COMMENTS = YES;
				CLANG_WARN_EMPTY_BODY = YES;
				CLANG_WARN_ENUM_CONVERSION = YES;
				CLANG_WARN_INFINITE_RECURSION = YES;
				CLANG_WARN_INT_CONVERSION = YES;
				CLANG_WARN_NON_LITERAL_NULL_CONVERSION = YES;
				CLANG_WARN_OBJC_LITERAL_CONVERSION = YES;
				CLANG_WARN_OBJC_ROOT_CLASS = YES_ERROR;
				CLANG_WARN_RANGE_LOOP_ANALYSIS = YES;
				CLANG_WARN_STRICT_PROTOTYPES = YES;
				CLANG_WARN_SUSPICIOUS_MOVE = YES;
				CLANG_WARN_UNGUARDED_AVAILABILITY = YES_AGGRESSIVE;
				CLANG_WARN_UNREACHABLE_CODE = YES;
				CLANG_WARN__DUPLICATE_METHOD_MATCH = YES;
				CODE_SIGN_IDENTITY = "iPhone Developer";
				COPY_PHASE_STRIP = NO;
				DEBUG_INFORMATION_FORMAT = "dwarf-with-dsym";
				ENABLE_NS_ASSERTIONS = NO;
				ENABLE_STRICT_OBJC_MSGSEND = YES;
				GCC_C_LANGUAGE_STANDARD = gnu11;
				GCC_NO_COMMON_BLOCKS = YES;
				GCC_WARN_64_TO_32_BIT_CONVERSION = YES;
				GCC_WARN_ABOUT_RETURN_TYPE = YES_ERROR;
				GCC_WARN_UNDECLARED_SELECTOR = YES;
				GCC_WARN_UNINITIALIZED_AUTOS = YES_AGGRESSIVE;
				GCC_WARN_UNUSED_FUNCTION = YES;
				GCC_WARN_UNUSED_VARIABLE = YES;
				IPHONEOS_DEPLOYMENT_TARGET = 11.2;
				MTL_ENABLE_DEBUG_INFO = NO;
				SDKROOT = iphoneos;
				VALIDATE_PRODUCT = YES;
			};
			name = Release;
		};
		A85BFD322010924D002387EE /* Debug */ = {
			isa = XCBuildConfiguration;
			buildSettings = {
				ASSETCATALOG_COMPILER_APPICON_NAME = AppIcon;
				CODE_SIGN_STYLE = Automatic;
				DEVELOPMENT_TEAM = 7L8859JS3T;
				GCC_PREFIX_HEADER = "$(SRCROOT)/UICollectionView/PrefixHeader.pch";
				INFOPLIST_FILE = UICollectionView/Info.plist;
				LD_RUNPATH_SEARCH_PATHS = "$(inherited) @executable_path/Frameworks";
				PRODUCT_BUNDLE_IDENTIFIER = com.alwaycoding.www.UICollectionView;
				PRODUCT_NAME = "$(TARGET_NAME)";
				TARGETED_DEVICE_FAMILY = "1,2";
			};
			name = Debug;
		};
		A85BFD332010924D002387EE /* Release */ = {
			isa = XCBuildConfiguration;
			buildSettings = {
				ASSETCATALOG_COMPILER_APPICON_NAME = AppIcon;
				CODE_SIGN_STYLE = Automatic;
				DEVELOPMENT_TEAM = 7L8859JS3T;
				GCC_PREFIX_HEADER = "$(SRCROOT)/UICollectionView/PrefixHeader.pch";
				INFOPLIST_FILE = UICollectionView/Info.plist;
				LD_RUNPATH_SEARCH_PATHS = "$(inherited) @executable_path/Frameworks";
				PRODUCT_BUNDLE_IDENTIFIER = com.alwaycoding.www.UICollectionView;
				PRODUCT_NAME = "$(TARGET_NAME)";
				TARGETED_DEVICE_FAMILY = "1,2";
			};
			name = Release;
		};
/* End XCBuildConfiguration section */

/* Begin XCConfigurationList section */
		A85BFD162010924D002387EE /* Build configuration list for PBXProject "UICollectionView" */ = {
			isa = XCConfigurationList;
			buildConfigurations = (
				A85BFD2F2010924D002387EE /* Debug */,
				A85BFD302010924D002387EE /* Release */,
			);
			defaultConfigurationIsVisible = 0;
			defaultConfigurationName = Release;
		};
		A85BFD312010924D002387EE /* Build configuration list for PBXNativeTarget "UICollectionView" */ = {
			isa = XCConfigurationList;
			buildConfigurations = (
				A85BFD322010924D002387EE /* Debug */,
				A85BFD332010924D002387EE /* Release */,
			);
			defaultConfigurationIsVisible = 0;
			defaultConfigurationName = Release;
		};
/* End XCConfigurationList section */
	};
	rootObject = A85BFD132010924D002387EE /* Project object */;
}
